schema: '2.0'
stages:
  data_ingestion:
    cmd: python src/data/ingestion.py
    deps:
    - path: src/data/ingestion.py
      hash: md5
      md5: c42ab7beb1ed5981dd433951b1dbfebc
      size: 7713
    - path: src/entity/artifact_entity.py
      hash: md5
      md5: f0cd85d854fbe1503bbab763ec1c6865
      size: 861
    - path: src/entity/config_entity.py
      hash: md5
      md5: 1dbdce3a16b76343dd2c8aabdc431bb2
      size: 2309
    outs:
    - path: data/external
      hash: md5
      md5: cb774166510e43f393fc42712b9ab47e.dir
      size: 9404547
      nfiles: 2
  data_cleaning:
    cmd: python src/data/cleaning.py
    deps:
    - path: src/data/cleaning.py
      hash: md5
      md5: fb76da5e7ad3107cc25e54037034c79a
      size: 7628
    - path: src/entity/artifact_entity.py
      hash: md5
      md5: f0cd85d854fbe1503bbab763ec1c6865
      size: 861
    - path: src/entity/config_entity.py
      hash: md5
      md5: 1dbdce3a16b76343dd2c8aabdc431bb2
      size: 2309
    outs:
    - path: data/raw/Ml_books.csv
      hash: md5
      md5: 0eabcfd09e21f02d61a4a5e89497ce32
      size: 1562977
    - path: data/raw/all_papers.csv
      hash: md5
      md5: bea64dc74ee671edbcef20ee1d1fd586
      size: 1267526
  build_features:
    cmd: python src/data/build_features.py
    deps:
    - path: data/raw/Ml_books.csv
      hash: md5
      md5: 0eabcfd09e21f02d61a4a5e89497ce32
      size: 1562977
    - path: data/raw/all_papers.csv
      hash: md5
      md5: bea64dc74ee671edbcef20ee1d1fd586
      size: 1267526
    - path: src/data/build_features.py
      hash: md5
      md5: 293a333ff16b61080ab3116264ebbbbe
      size: 14093
    - path: src/entity/artifact_entity.py
      hash: md5
      md5: f0cd85d854fbe1503bbab763ec1c6865
      size: 861
    - path: src/entity/config_entity.py
      hash: md5
      md5: 1dbdce3a16b76343dd2c8aabdc431bb2
      size: 2309
    outs:
    - path: data/interim/modified_books.csv
      hash: md5
      md5: 364cdf68340a99a2a72007209d427a05
      size: 2973263
    - path: data/interim/modified_papers.csv
      hash: md5
      md5: 0e4d9c4d666b738eaed553b55c5fa04e
      size: 2399504
  model_trainer:
    cmd: python src/models/model1/model.py
    deps:
    - path: data/interim/modified_books.csv
      hash: md5
      md5: 364cdf68340a99a2a72007209d427a05
      size: 2973263
    - path: data/interim/modified_papers.csv
      hash: md5
      md5: 0e4d9c4d666b738eaed553b55c5fa04e
      size: 2399504
    - path: src/data/build_features.py
      hash: md5
      md5: 293a333ff16b61080ab3116264ebbbbe
      size: 14093
    - path: src/entity/artifact_entity.py
      hash: md5
      md5: f0cd85d854fbe1503bbab763ec1c6865
      size: 861
    - path: src/entity/config_entity.py
      hash: md5
      md5: 1dbdce3a16b76343dd2c8aabdc431bb2
      size: 2309
    - path: src/models/model1/model.py
      hash: md5
      md5: c10a0ab7241aba098d8c9616bd0e736c
      size: 6878
    outs:
    - path: data/processed/matrices
      hash: md5
      md5: f8a65822849a30ca3df6be01c4cb11da.dir
      size: 1087829
      nfiles: 2
    - path: data/processed/models
      hash: md5
      md5: 5db561659a5c1f1916a4b8f5ce7b9f5f.dir
      size: 377739
      nfiles: 2
  prediction:
    cmd: python src/models/model1/predict.py "machine learning" > 
      data/processed/predictions.json
    deps:
    - path: data/interim/modified_books.csv
      hash: md5
      md5: 364cdf68340a99a2a72007209d427a05
      size: 2973263
    - path: data/interim/modified_papers.csv
      hash: md5
      md5: 0e4d9c4d666b738eaed553b55c5fa04e
      size: 2399504
    - path: data/processed/matrices
      hash: md5
      md5: f8a65822849a30ca3df6be01c4cb11da.dir
      size: 1087829
      nfiles: 2
    - path: data/processed/models
      hash: md5
      md5: 5db561659a5c1f1916a4b8f5ce7b9f5f.dir
      size: 377739
      nfiles: 2
    - path: src/entity/artifact_entity.py
      hash: md5
      md5: f0cd85d854fbe1503bbab763ec1c6865
      size: 861
    - path: src/entity/config_entity.py
      hash: md5
      md5: 1dbdce3a16b76343dd2c8aabdc431bb2
      size: 2309
    - path: src/models/model1/model.py
      hash: md5
      md5: c10a0ab7241aba098d8c9616bd0e736c
      size: 6878
    - path: src/models/model1/predict.py
      hash: md5
      md5: 980fc90a20576db714586f97d1c3f028
      size: 5232
    outs:
    - path: data/processed/predictions.json
      hash: md5
      md5: 578a0ee0ef319bf7f3e9ec4dba9108b2
      size: 10458
