schema: '2.0'
stages:
  data_ingestion:
    cmd: python src/data/ingestion.py
    deps:
    - path: src/data/ingestion.py
      hash: md5
      md5: c42ab7beb1ed5981dd433951b1dbfebc
      size: 7713
    - path: src/entity/artifact_entity.py
      hash: md5
      md5: 7d22079c8129051458b1a6661bc4ecab
      size: 989
    - path: src/entity/config_entity.py
      hash: md5
      md5: cfc3bd9a36891e302f29d801f49e0138
      size: 2504
    outs:
    - path: data/external
      hash: md5
      md5: f4207dda9b6d9ed6bbd5677ce9d3d68e.dir
      size: 7323838
      nfiles: 2
  data_cleaning:
    cmd: python src/data/cleaning.py
    deps:
    - path: src/data/cleaning.py
      hash: md5
      md5: fb76da5e7ad3107cc25e54037034c79a
      size: 7628
    - path: src/entity/artifact_entity.py
      hash: md5
      md5: 7d22079c8129051458b1a6661bc4ecab
      size: 989
    - path: src/entity/config_entity.py
      hash: md5
      md5: cfc3bd9a36891e302f29d801f49e0138
      size: 2504
    outs:
    - path: data/raw/Ml_books.csv
      hash: md5
      md5: c985ef3095a2166fc2ef33e7a8bf6670
      size: 1562965
    - path: data/raw/all_papers.csv
      hash: md5
      md5: 21e7c4890268bd88882a77e43e5de5f1
      size: 380113
  build_features:
    cmd: python src/data/build_features.py
    deps:
    - path: data/raw/Ml_books.csv
      hash: md5
      md5: c985ef3095a2166fc2ef33e7a8bf6670
      size: 1562965
    - path: data/raw/all_papers.csv
      hash: md5
      md5: 21e7c4890268bd88882a77e43e5de5f1
      size: 380113
    - path: src/data/build_features.py
      hash: md5
      md5: 293a333ff16b61080ab3116264ebbbbe
      size: 14093
    - path: src/entity/artifact_entity.py
      hash: md5
      md5: 7d22079c8129051458b1a6661bc4ecab
      size: 989
    - path: src/entity/config_entity.py
      hash: md5
      md5: cfc3bd9a36891e302f29d801f49e0138
      size: 2504
    outs:
    - path: data/interim/modified_books.csv
      hash: md5
      md5: eea64c35cc3c65188f766cd598ca815e
      size: 2973249
    - path: data/interim/modified_papers.csv
      hash: md5
      md5: c62adcaa518db9d9c49e1e2ac3fa4653
      size: 722925
  model_trainer:
    cmd: python src/models/model1/model.py
    deps:
    - path: data/interim/modified_books.csv
      hash: md5
      md5: eea64c35cc3c65188f766cd598ca815e
      size: 2973249
    - path: data/interim/modified_papers.csv
      hash: md5
      md5: c62adcaa518db9d9c49e1e2ac3fa4653
      size: 722925
    - path: src/data/build_features.py
      hash: md5
      md5: 293a333ff16b61080ab3116264ebbbbe
      size: 14093
    - path: src/entity/artifact_entity.py
      hash: md5
      md5: 7d22079c8129051458b1a6661bc4ecab
      size: 989
    - path: src/entity/config_entity.py
      hash: md5
      md5: cfc3bd9a36891e302f29d801f49e0138
      size: 2504
    - path: src/models/model1/model.py
      hash: md5
      md5: 7e8fdbb0c761134f240d07d68910ae3c
      size: 11639
    outs:
    - path: data/processed/final
      hash: md5
      md5: aa973b2a30ea299e94786c3435bda284.dir
      size: 3737728
      nfiles: 2
    - path: data/processed/matrices
      hash: md5
      md5: 7e030298b8d1a6b273336a3d3401689b.dir
      size: 732307
      nfiles: 2
    - path: data/processed/models
      hash: md5
      md5: ad999a12aaa1510d5adc4e9e0f6fdf1b.dir
      size: 378603
      nfiles: 2
